github.com/ebitengine/gomobile v0.0.0-20240518074828-e86332849895 h1:48bCqKTuD7Z0UovDfvpCn7wZ0GUZ+yosIteNDthn3FU=
github.com/ebitengine/gomobile v0.0.0-20240518074828-e86332849895/go.mod h1:XZdLv05c5hOZm3fM2NlJ92FyEZjnslcMcNRrhxs8+8M=
github.com/ebitengine/hideconsole v1.0.0 h1:5J4U0kXF+pv/DhiXt5/lTz0eO5ogJ1iXb8Yj1yReDqE=
github.com/ebitengine/hideconsole v1.0.0/go.mod h1:hTTBTvVYWKBuxPr7peweneWdkUwEuHuB3C1R/ielR1A=
github.com/ebitengine/purego v0.7.0 h1:HPZpl61edMGCEW6XK2nsR6+7AnJ3unUxpTZBkkIXnMc=
github.com/ebitengine/purego v0.7.0/go.mod h1:ah1In8AOtksoNK6yk5z1HTJeUkC1Ez4Wk2idgGslMwQ=
github.com/go-text/typesetting v0.1.1-0.20240325125605-c7936fe59984 h1:NwCC36eQsDf1xVZG9jD7ngXNNjsvk8KXky15ogA1Vo0=
github.com/go-text/typesetting v0.1.1-0.20240325125605-c7936fe59984/go.mod h1:2+owI/sxa73XA581LAzVuEBZ3WEEV2pXeDswCH/3i1I=
github.com/go-text/typesetting-utils v0.0.0-20240317173224-1986cbe96c66 h1:GUrm65PQPlhFSKjLPGOZNPNxLCybjzjYBzjfoBGaDUY=
github.com/go-text/typesetting-utils v0.0.0-20240317173224-1986cbe96c66/go.mod h1:DDxDdQEnB70R8owOx3LVpEFvpMK9eeH1o2r0yZhFI9o=
github.com/hajimehoshi/bitmapfont/v3 v3.0.0 h1:r2+6gYK38nfztS/et50gHAswb9hXgxXECYgE8Nczmi4=
github.com/hajimehoshi/bitmapfont/v3 v3.0.0/go.mod h1:+CxxG+uMmgU4mI2poq944i3uZ6UYFfAkj9V6WqmuvZA=
github.com/hajimehoshi/ebiten/v2 v2.7.8 h1:QrlvF2byCzMuDsbxFReJkOCbM3O2z1H/NKQaGcA8PKk=
github.com/hajimehoshi/ebiten/v2 v2.7.8/go.mod h1:Ulbq5xDmdx47P24EJ+Mb31Zps7vQq+guieG9mghQUaA=
github.com/jezek/xgb v1.1.1 h1:bE/r8ZZtSv7l9gk6nU0mYx51aXrvnyb44892TwSaqS4=
github.com/jezek/xgb v1.1.1/go.mod h1:nrhwO0FX/enq75I7Y7G8iN1ubpSGZEiA3v9e9GyRFlk=
golang.org/x/image v0.18.0 h1:jGzIakQa/ZXI1I0Fxvaa9W7yP25TqT6cHIHn+6CqvSQ=
golang.org/x/image v0.18.0/go.mod h1:4yyo5vMFQjVjUcVk4jEQcU9MGy/rulF5WvUILseCM2E=
golang.org/x/sync v0.7.0 h1:YsImfSBoP9QPYL0xyKJPq0gcaJdG3rInoqxTWbfQu9M=
golang.org/x/sync v0.7.0/go.mod h1:Czt+wKu1gCyEFDUtn0jG5QVvpJ6rzVqr5aXyt9drQfk=
golang.org/x/sys v0.20.0 h1:Od9JTbYCk261bKm4M/mw7AklTlFYIa0bIp9BgSm1S8Y=
golang.org/x/sys v0.20.0/go.mod h1:/VUhepiaJMQUp4+oa/7Zr1D23ma6VTLIYjOOTFZPUcA=
golang.org/x/text v0.16.0 h1:a94ExnEXNtEwYLGJSIUxnWoxoRz/ZcCsV63ROupILh4=
golang.org/x/text v0.16.0/go.mod h1:GhwF1Be+LQoKShO3cGOHzqOgRrGaYc9AvblQOmPVHnI=
